// !$*UTF8*$!
{
	archiveVersion = 1;
	classes = {
	};
	objectVersion = 46;
	objects = {

/* Begin PBXGroup section */
		BFB7AB361AA5AADC006C52C7 = {
			isa = PBXGroup;
			children = (
			);
			sourceTree = "<group>";
		};
/* End PBXGroup section */

/* Begin PBXProject section */
		BFB7AB371AA5AADC006C52C7 /* Project object */ = {
			isa = PBXProject;
			attributes = {
				LastUpgradeCheck = 0610;
			};
			buildConfigurationList = BFB7AB3A1AA5AADC006C52C7 /* Build configuration list for PBXProject "multi-uiwebview-test" */;
			compatibilityVersion = "Xcode 3.2";
			developmentRegion = English;
			hasScannedForEncodings = 0;
			knownRegions = (
				en,
			);
			mainGroup = BFB7AB361AA5AADC006C52C7;
			projectDirPath = "";
			projectRoot = "";
			targets = (
			);
		};
/* End PBXProject section */

/* Begin XCBuildConfiguration section */
		BFB7AB3B1AA5AADC006C52C7 /* Debug */ = {
			isa = XCBuildConfiguration;
			buildSettings = {
			};
			name = Debug;
		};
		BFB7AB3C1AA5AADC006C52C7 /* Release */ = {
			isa = XCBuildConfiguration;
			buildSettings = {
			};
			name = Release;
		};
/* End XCBuildConfiguration section */

/* Begin XCConfigurationList section */
		BFB7AB3A1AA5AADC006C52C7 /* Build configuration list for PBXProject "multi-uiwebview-test" */ = {
			isa = XCConfigurationList;
			buildConfigurations = (
				BFB7AB3B1AA5AADC006C52C7 /* Debug */,
				BFB7AB3C1AA5AADC006C52C7 /* Release */,
			);
			defaultConfigurationIsVisible = 0;
			defaultConfigurationName = Release;
		};
/* End XCConfigurationList section */
	};
	rootObject = BFB7AB371AA5AADC006C52C7 /* Project object */;
}
